%{
  "decimal": {:hex, :decimal, "2.0.0", "a78296e617b0f5dd4c6caf57c714431347912ffb1d0842e998e9792b5642d697", [:mix], [], "hexpm", "34666e9c55dea81013e77d9d87370fe6cb6291d1ef32f46a1600230b1d44f577"},
  "ecto": {:hex, :ecto, "3.8.4", "e06b8b87e62b27fea17fd2ff6041572ddd10339fd16cdf58446e402c6c90a74b", [:mix], [{:decimal, "~> 1.6 or ~> 2.0", [hex: :decimal, repo: "hexpm", optional: false]}, {:jason, "~> 1.0", [hex: :jason, repo: "hexpm", optional: true]}, {:telemetry, "~> 0.4 or ~> 1.0", [hex: :telemetry, repo: "hexpm", optional: false]}], "hexpm", "f9244288b8d42db40515463a008cf3f4e0e564bb9c249fe87bf28a6d79fe82d4"},
  "telemetry": {:hex, :telemetry, "1.1.0", "a589817034a27eab11144ad24d5c0f9fab1f58173274b1e9bae7074af9cbee51", [:rebar3], [], "hexpm", "b727b2a1f75614774cff2d7565b64d0dfa5bd52ba517f16543e6fc7efcc0df48"},
}
